
Microsoft Visual Studio Solution File, Format Version 12.00
# Visual Studio Version 16
VisualStudioVersion = 16.0.29201.188
MinimumVisualStudioVersion = 10.0.40219.1
Project("{FAE04EC0-301F-11D3-BF4B-00C04F79EFBC}") = "LojaBoa", "LojaBoa\LojaBoa.csproj", "{4F4A76F0-4673-4D77-A1E3-AA252EF79D05}"
EndProject
Global
	GlobalSection(SolutionConfigurationPlatforms) = preSolution
		Debug|Any CPU = Debug|Any CPU
		Release|Any CPU = Release|Any CPU
	EndGlobalSection
	GlobalSection(ProjectConfigurationPlatforms) = postSolution
		{4F4A76F0-4673-4D77-A1E3-AA252EF79D05}.Debug|Any CPU.ActiveCfg = Debug|Any CPU
		{4F4A76F0-4673-4D77-A1E3-AA252EF79D05}.Debug|Any CPU.Build.0 = Debug|Any CPU
		{4F4A76F0-4673-4D77-A1E3-AA252EF79D05}.Release|Any CPU.ActiveCfg = Release|Any CPU
		{4F4A76F0-4673-4D77-A1E3-AA252EF79D05}.Release|Any CPU.Build.0 = Release|Any CPU
	EndGlobalSection
	GlobalSection(SolutionProperties) = preSolution
		HideSolutionNode = FALSE
	EndGlobalSection
	GlobalSection(ExtensibilityGlobals) = postSolution
		SolutionGuid = {C8A6D068-E651-4C46-B552-F7F664CC9732}
	EndGlobalSection
EndGlobal
