
Microsoft Visual Studio Solution File, Format Version 12.00
# Visual Studio Version 16
VisualStudioVersion = 16.0.31410.357
MinimumVisualStudioVersion = 10.0.40219.1
Project("{FAE04EC0-301F-11D3-BF4B-00C04F79EFBC}") = "RotasMVC", "RotasMVC\RotasMVC.csproj", "{45D8785A-79BF-4562-9F25-8F7831171577}"
EndProject
Global
	GlobalSection(SolutionConfigurationPlatforms) = preSolution
		Debug|Any CPU = Debug|Any CPU
		Release|Any CPU = Release|Any CPU
	EndGlobalSection
	GlobalSection(ProjectConfigurationPlatforms) = postSolution
		{45D8785A-79BF-4562-9F25-8F7831171577}.Debug|Any CPU.ActiveCfg = Debug|Any CPU
		{45D8785A-79BF-4562-9F25-8F7831171577}.Debug|Any CPU.Build.0 = Debug|Any CPU
		{45D8785A-79BF-4562-9F25-8F7831171577}.Release|Any CPU.ActiveCfg = Release|Any CPU
		{45D8785A-79BF-4562-9F25-8F7831171577}.Release|Any CPU.Build.0 = Release|Any CPU
	EndGlobalSection
	GlobalSection(SolutionProperties) = preSolution
		HideSolutionNode = FALSE
	EndGlobalSection
	GlobalSection(ExtensibilityGlobals) = postSolution
		SolutionGuid = {8B52CFF2-C791-494C-8DED-AF07B913D3C7}
	EndGlobalSection
EndGlobal
